{
  "name": "republicavelha",
  "lockfileVersion": 3,
  "requires": true,
  "packages": {
    "": {
      "dependencies": {
        "potpiper": "^0.2.51"
      }
    },
    "node_modules/potpiper": {
      "version": "0.2.51",
      "resolved": "https://registry.npmjs.org/potpiper/-/potpiper-0.2.51.tgz",
      "integrity": "sha512-KiIrDdZvjZYupydub4B3tmeABQMYlt/7ofN/+rTG0TroYRnrYwh+q08yyz2+pwoj0oChBi+49Xc75zoaEKUqIA=="
    }
  }
}
